
Microsoft Visual Studio Solution File, Format Version 12.00
# Visual Studio Version 16
VisualStudioVersion = 16.0.33130.400
MinimumVisualStudioVersion = 10.0.40219.1
Project("{FAE04EC0-301F-11D3-BF4B-00C04F79EFBC}") = "Практика 12", "Практика 12\Практика 12.csproj", "{9147E63F-5531-4BC0-A5D1-67EED4414491}"
EndProject
Global
	GlobalSection(SolutionConfigurationPlatforms) = preSolution
		Debug|Any CPU = Debug|Any CPU
		Release|Any CPU = Release|Any CPU
	EndGlobalSection
	GlobalSection(ProjectConfigurationPlatforms) = postSolution
		{9147E63F-5531-4BC0-A5D1-67EED4414491}.Debug|Any CPU.ActiveCfg = Debug|Any CPU
		{9147E63F-5531-4BC0-A5D1-67EED4414491}.Debug|Any CPU.Build.0 = Debug|Any CPU
		{9147E63F-5531-4BC0-A5D1-67EED4414491}.Release|Any CPU.ActiveCfg = Release|Any CPU
		{9147E63F-5531-4BC0-A5D1-67EED4414491}.Release|Any CPU.Build.0 = Release|Any CPU
	EndGlobalSection
	GlobalSection(SolutionProperties) = preSolution
		HideSolutionNode = FALSE
	EndGlobalSection
	GlobalSection(ExtensibilityGlobals) = postSolution
		SolutionGuid = {07972D56-3C21-4BC5-9BF2-817BB8BADE92}
	EndGlobalSection
EndGlobal
